
Microsoft Visual Studio Solution File, Format Version 12.00
# Visual Studio Version 17
VisualStudioVersion = 17.9.34622.214
MinimumVisualStudioVersion = 10.0.40219.1
Project("{FAE04EC0-301F-11D3-BF4B-00C04F79EFBC}") = "Web_API", "Web_API\Web_API.csproj", "{A81742D4-7AEF-4659-A837-353D9395B807}"
EndProject
Project("{FAE04EC0-301F-11D3-BF4B-00C04F79EFBC}") = "Business_Logic_Layer", "Business_Logic_Layer\Business_Logic_Layer.csproj", "{5EF84646-8D1D-49A8-A695-42EEE47F130D}"
EndProject
Project("{FAE04EC0-301F-11D3-BF4B-00C04F79EFBC}") = "Data_Access_Layer", "Data_Access_Layer\Data_Access_Layer.csproj", "{AE94501E-DAD6-4F3D-A083-E8B8584B7BFB}"
EndProject
Global
	GlobalSection(SolutionConfigurationPlatforms) = preSolution
		Debug|Any CPU = Debug|Any CPU
		Release|Any CPU = Release|Any CPU
	EndGlobalSection
	GlobalSection(ProjectConfigurationPlatforms) = postSolution
		{A81742D4-7AEF-4659-A837-353D9395B807}.Debug|Any CPU.ActiveCfg = Debug|Any CPU
		{A81742D4-7AEF-4659-A837-353D9395B807}.Debug|Any CPU.Build.0 = Debug|Any CPU
		{A81742D4-7AEF-4659-A837-353D9395B807}.Release|Any CPU.ActiveCfg = Release|Any CPU
		{A81742D4-7AEF-4659-A837-353D9395B807}.Release|Any CPU.Build.0 = Release|Any CPU
		{5EF84646-8D1D-49A8-A695-42EEE47F130D}.Debug|Any CPU.ActiveCfg = Debug|Any CPU
		{5EF84646-8D1D-49A8-A695-42EEE47F130D}.Debug|Any CPU.Build.0 = Debug|Any CPU
		{5EF84646-8D1D-49A8-A695-42EEE47F130D}.Release|Any CPU.ActiveCfg = Release|Any CPU
		{5EF84646-8D1D-49A8-A695-42EEE47F130D}.Release|Any CPU.Build.0 = Release|Any CPU
		{AE94501E-DAD6-4F3D-A083-E8B8584B7BFB}.Debug|Any CPU.ActiveCfg = Debug|Any CPU
		{AE94501E-DAD6-4F3D-A083-E8B8584B7BFB}.Debug|Any CPU.Build.0 = Debug|Any CPU
		{AE94501E-DAD6-4F3D-A083-E8B8584B7BFB}.Release|Any CPU.ActiveCfg = Release|Any CPU
		{AE94501E-DAD6-4F3D-A083-E8B8584B7BFB}.Release|Any CPU.Build.0 = Release|Any CPU
	EndGlobalSection
	GlobalSection(SolutionProperties) = preSolution
		HideSolutionNode = FALSE
	EndGlobalSection
	GlobalSection(ExtensibilityGlobals) = postSolution
		SolutionGuid = {625DFE44-FF3F-4003-A2CE-AF0A8835A92C}
	EndGlobalSection
EndGlobal
